
Microsoft Visual Studio Solution File, Format Version 12.00
# Visual Studio Version 17
VisualStudioVersion = 17.4.33122.133
MinimumVisualStudioVersion = 10.0.40219.1
Project("{FAE04EC0-301F-11D3-BF4B-00C04F79EFBC}") = "Lab5", "Lab5\Lab5.csproj", "{421CD2F9-E66D-4BB6-B36C-A3EE18A6C675}"
EndProject
Global
	GlobalSection(SolutionConfigurationPlatforms) = preSolution
		Debug|Any CPU = Debug|Any CPU
		Release|Any CPU = Release|Any CPU
	EndGlobalSection
	GlobalSection(ProjectConfigurationPlatforms) = postSolution
		{421CD2F9-E66D-4BB6-B36C-A3EE18A6C675}.Debug|Any CPU.ActiveCfg = Debug|Any CPU
		{421CD2F9-E66D-4BB6-B36C-A3EE18A6C675}.Debug|Any CPU.Build.0 = Debug|Any CPU
		{421CD2F9-E66D-4BB6-B36C-A3EE18A6C675}.Release|Any CPU.ActiveCfg = Release|Any CPU
		{421CD2F9-E66D-4BB6-B36C-A3EE18A6C675}.Release|Any CPU.Build.0 = Release|Any CPU
	EndGlobalSection
	GlobalSection(SolutionProperties) = preSolution
		HideSolutionNode = FALSE
	EndGlobalSection
	GlobalSection(ExtensibilityGlobals) = postSolution
		SolutionGuid = {8F01A14C-CDCA-4E7E-B8DA-8B30F314A9B8}
	EndGlobalSection
EndGlobal
